// !$*UTF8*$!
{
	archiveVersion = 1;
	classes = {
	};
	objectVersion = 56;
	objects = {

/* Begin PBXBuildFile section */
		D62E363A289ED63C00120F45 /* Kingfisher in Frameworks */ = {isa = PBXBuildFile; productRef = D62E3639289ED63C00120F45 /* Kingfisher */; };
		D660C0C5289C702B00E9C685 /* DetailedViewController.swift in Sources */ = {isa = PBXBuildFile; fileRef = D660C0C4289C702B00E9C685 /* DetailedViewController.swift */; };
		D67B6E14289C71F700D69C46 /* Cards.swift in Sources */ = {isa = PBXBuildFile; fileRef = D67B6E13289C71F700D69C46 /* Cards.swift */; };
		D6A5E704289C36C4008AA466 /* AppDelegate.swift in Sources */ = {isa = PBXBuildFile; fileRef = D6A5E703289C36C4008AA466 /* AppDelegate.swift */; };
		D6A5E706289C36C4008AA466 /* SceneDelegate.swift in Sources */ = {isa = PBXBuildFile; fileRef = D6A5E705289C36C4008AA466 /* SceneDelegate.swift */; };
		D6A5E708289C36C4008AA466 /* TableViewController.swift in Sources */ = {isa = PBXBuildFile; fileRef = D6A5E707289C36C4008AA466 /* TableViewController.swift */; };
		D6A5E70B289C36C4008AA466 /* Main.storyboard in Resources */ = {isa = PBXBuildFile; fileRef = D6A5E709289C36C4008AA466 /* Main.storyboard */; };
		D6A5E70D289C36CA008AA466 /* Assets.xcassets in Resources */ = {isa = PBXBuildFile; fileRef = D6A5E70C289C36CA008AA466 /* Assets.xcassets */; };
		D6A5E710289C36CA008AA466 /* LaunchScreen.storyboard in Resources */ = {isa = PBXBuildFile; fileRef = D6A5E70E289C36CA008AA466 /* LaunchScreen.storyboard */; };
		D6A5E719289C3795008AA466 /* Alamofire in Frameworks */ = {isa = PBXBuildFile; productRef = D6A5E718289C3795008AA466 /* Alamofire */; };
/* End PBXBuildFile section */

/* Begin PBXFileReference section */
		D660C0C4289C702B00E9C685 /* DetailedViewController.swift */ = {isa = PBXFileReference; lastKnownFileType = sourcecode.swift; path = DetailedViewController.swift; sourceTree = "<group>"; };
		D67B6E13289C71F700D69C46 /* Cards.swift */ = {isa = PBXFileReference; lastKnownFileType = sourcecode.swift; path = Cards.swift; sourceTree = "<group>"; };
		D6A5E700289C36C4008AA466 /* APITableView.app */ = {isa = PBXFileReference; explicitFileType = wrapper.application; includeInIndex = 0; path = APITableView.app; sourceTree = BUILT_PRODUCTS_DIR; };
		D6A5E703289C36C4008AA466 /* AppDelegate.swift */ = {isa = PBXFileReference; lastKnownFileType = sourcecode.swift; path = AppDelegate.swift; sourceTree = "<group>"; };
		D6A5E705289C36C4008AA466 /* SceneDelegate.swift */ = {isa = PBXFileReference; lastKnownFileType = sourcecode.swift; path = SceneDelegate.swift; sourceTree = "<group>"; };
		D6A5E707289C36C4008AA466 /* TableViewController.swift */ = {isa = PBXFileReference; lastKnownFileType = sourcecode.swift; path = TableViewController.swift; sourceTree = "<group>"; };
		D6A5E70A289C36C4008AA466 /* Base */ = {isa = PBXFileReference; lastKnownFileType = file.storyboard; name = Base; path = Base.lproj/Main.storyboard; sourceTree = "<group>"; };
		D6A5E70C289C36CA008AA466 /* Assets.xcassets */ = {isa = PBXFileReference; lastKnownFileType = folder.assetcatalog; path = Assets.xcassets; sourceTree = "<group>"; };
		D6A5E70F289C36CA008AA466 /* Base */ = {isa = PBXFileReference; lastKnownFileType = file.storyboard; name = Base; path = Base.lproj/LaunchScreen.storyboard; sourceTree = "<group>"; };
		D6A5E711289C36CA008AA466 /* Info.plist */ = {isa = PBXFileReference; lastKnownFileType = text.plist.xml; path = Info.plist; sourceTree = "<group>"; };
/* End PBXFileReference section */

/* Begin PBXFrameworksBuildPhase section */
		D6A5E6FD289C36C4008AA466 /* Frameworks */ = {
			isa = PBXFrameworksBuildPhase;
			buildActionMask = 2147483647;
			files = (
				D62E363A289ED63C00120F45 /* Kingfisher in Frameworks */,
				D6A5E719289C3795008AA466 /* Alamofire in Frameworks */,
			);
			runOnlyForDeploymentPostprocessing = 0;
		};
/* End PBXFrameworksBuildPhase section */

/* Begin PBXGroup section */
		D61BE83F289D536A001AD7F2 /* Controllers */ = {
			isa = PBXGroup;
			children = (
				D6A5E707289C36C4008AA466 /* TableViewController.swift */,
				D660C0C4289C702B00E9C685 /* DetailedViewController.swift */,
			);
			path = Controllers;
			sourceTree = "<group>";
		};
		D61BE840289D537F001AD7F2 /* Model */ = {
			isa = PBXGroup;
			children = (
				D67B6E13289C71F700D69C46 /* Cards.swift */,
			);
			path = Model;
			sourceTree = "<group>";
		};
		D6A5E6F7289C36C4008AA466 = {
			isa = PBXGroup;
			children = (
				D6A5E702289C36C4008AA466 /* APITableView */,
				D6A5E701289C36C4008AA466 /* Products */,
			);
			sourceTree = "<group>";
		};
		D6A5E701289C36C4008AA466 /* Products */ = {
			isa = PBXGroup;
			children = (
				D6A5E700289C36C4008AA466 /* APITableView.app */,
			);
			name = Products;
			sourceTree = "<group>";
		};
		D6A5E702289C36C4008AA466 /* APITableView */ = {
			isa = PBXGroup;
			children = (
				D61BE840289D537F001AD7F2 /* Model */,
				D61BE83F289D536A001AD7F2 /* Controllers */,
				D6A5E703289C36C4008AA466 /* AppDelegate.swift */,
				D6A5E705289C36C4008AA466 /* SceneDelegate.swift */,
				D6A5E709289C36C4008AA466 /* Main.storyboard */,
				D6A5E70C289C36CA008AA466 /* Assets.xcassets */,
				D6A5E70E289C36CA008AA466 /* LaunchScreen.storyboard */,
				D6A5E711289C36CA008AA466 /* Info.plist */,
			);
			path = APITableView;
			sourceTree = "<group>";
		};
/* End PBXGroup section */

/* Begin PBXNativeTarget section */
		D6A5E6FF289C36C4008AA466 /* APITableView */ = {
			isa = PBXNativeTarget;
			buildConfigurationList = D6A5E714289C36CA008AA466 /* Build configuration list for PBXNativeTarget "APITableView" */;
			buildPhases = (
				D6A5E6FC289C36C4008AA466 /* Sources */,
				D6A5E6FD289C36C4008AA466 /* Frameworks */,
				D6A5E6FE289C36C4008AA466 /* Resources */,
			);
			buildRules = (
			);
			dependencies = (
			);
			name = APITableView;
			packageProductDependencies = (
				D6A5E718289C3795008AA466 /* Alamofire */,
				D62E3639289ED63C00120F45 /* Kingfisher */,
			);
			productName = APITableView;
			productReference = D6A5E700289C36C4008AA466 /* APITableView.app */;
			productType = "com.apple.product-type.application";
		};
/* End PBXNativeTarget section */

/* Begin PBXProject section */
		D6A5E6F8289C36C4008AA466 /* Project object */ = {
			isa = PBXProject;
			attributes = {
				BuildIndependentTargetsInParallel = 1;
				LastSwiftUpdateCheck = 1400;
				LastUpgradeCheck = 1400;
				TargetAttributes = {
					D6A5E6FF289C36C4008AA466 = {
						CreatedOnToolsVersion = 14.0;
					};
				};
			};
			buildConfigurationList = D6A5E6FB289C36C4008AA466 /* Build configuration list for PBXProject "APITableView" */;
			compatibilityVersion = "Xcode 14.0";
			developmentRegion = en;
			hasScannedForEncodings = 0;
			knownRegions = (
				en,
				Base,
			);
			mainGroup = D6A5E6F7289C36C4008AA466;
			packageReferences = (
				D6A5E717289C3795008AA466 /* XCRemoteSwiftPackageReference "Alamofire" */,
				D62E3638289ED63B00120F45 /* XCRemoteSwiftPackageReference "Kingfisher" */,
			);
			productRefGroup = D6A5E701289C36C4008AA466 /* Products */;
			projectDirPath = "";
			projectRoot = "";
			targets = (
				D6A5E6FF289C36C4008AA466 /* APITableView */,
			);
		};
/* End PBXProject section */

/* Begin PBXResourcesBuildPhase section */
		D6A5E6FE289C36C4008AA466 /* Resources */ = {
			isa = PBXResourcesBuildPhase;
			buildActionMask = 2147483647;
			files = (
				D6A5E710289C36CA008AA466 /* LaunchScreen.storyboard in Resources */,
				D6A5E70D289C36CA008AA466 /* Assets.xcassets in Resources */,
				D6A5E70B289C36C4008AA466 /* Main.storyboard in Resources */,
			);
			runOnlyForDeploymentPostprocessing = 0;
		};
/* End PBXResourcesBuildPhase section */

/* Begin PBXSourcesBuildPhase section */
		D6A5E6FC289C36C4008AA466 /* Sources */ = {
			isa = PBXSourcesBuildPhase;
			buildActionMask = 2147483647;
			files = (
				D67B6E14289C71F700D69C46 /* Cards.swift in Sources */,
				D6A5E708289C36C4008AA466 /* TableViewController.swift in Sources */,
				D6A5E704289C36C4008AA466 /* AppDelegate.swift in Sources */,
				D660C0C5289C702B00E9C685 /* DetailedViewController.swift in Sources */,
				D6A5E706289C36C4008AA466 /* SceneDelegate.swift in Sources */,
			);
			runOnlyForDeploymentPostprocessing = 0;
		};
/* End PBXSourcesBuildPhase section */

/* Begin PBXVariantGroup section */
		D6A5E709289C36C4008AA466 /* Main.storyboard */ = {
			isa = PBXVariantGroup;
			children = (
				D6A5E70A289C36C4008AA466 /* Base */,
			);
			name = Main.storyboard;
			sourceTree = "<group>";
		};
		D6A5E70E289C36CA008AA466 /* LaunchScreen.storyboard */ = {
			isa = PBXVariantGroup;
			children = (
				D6A5E70F289C36CA008AA466 /* Base */,
			);
			name = LaunchScreen.storyboard;
			sourceTree = "<group>";
		};
/* End PBXVariantGroup section */

/* Begin XCBuildConfiguration section */
		D6A5E712289C36CA008AA466 /* Debug */ = {
			isa = XCBuildConfiguration;
			buildSettings = {
				ALWAYS_SEARCH_USER_PATHS = NO;
				CLANG_ANALYZER_NONNULL = YES;
				CLANG_ANALYZER_NUMBER_OBJECT_CONVERSION = YES_AGGRESSIVE;
				CLANG_CXX_LANGUAGE_STANDARD = "gnu++20";
				CLANG_ENABLE_MODULES = YES;
				CLANG_ENABLE_OBJC_ARC = YES;
				CLANG_ENABLE_OBJC_WEAK = YES;
				CLANG_WARN_BLOCK_CAPTURE_AUTORELEASING = YES;
				CLANG_WARN_BOOL_CONVERSION = YES;
				CLANG_WARN_COMMA = YES;
				CLANG_WARN_CONSTANT_CONVERSION = YES;
				CLANG_WARN_DEPRECATED_OBJC_IMPLEMENTATIONS = YES;
				CLANG_WARN_DIRECT_OBJC_ISA_USAGE = YES_ERROR;
				CLANG_WARN_DOCUMENTATION_COMMENTS = YES;
				CLANG_WARN_EMPTY_BODY = YES;
				CLANG_WARN_ENUM_CONVERSION = YES;
				CLANG_WARN_INFINITE_RECURSION = YES;
				CLANG_WARN_INT_CONVERSION = YES;
				CLANG_WARN_NON_LITERAL_NULL_CONVERSION = YES;
				CLANG_WARN_OBJC_IMPLICIT_RETAIN_SELF = YES;
				CLANG_WARN_OBJC_LITERAL_CONVERSION = YES;
				CLANG_WARN_OBJC_ROOT_CLASS = YES_ERROR;
				CLANG_WARN_QUOTED_INCLUDE_IN_FRAMEWORK_HEADER = YES;
				CLANG_WARN_RANGE_LOOP_ANALYSIS = YES;
				CLANG_WARN_STRICT_PROTOTYPES = YES;
				CLANG_WARN_SUSPICIOUS_MOVE = YES;
				CLANG_WARN_UNGUARDED_AVAILABILITY = YES_AGGRESSIVE;
				CLANG_WARN_UNREACHABLE_CODE = YES;
				CLANG_WARN__DUPLICATE_METHOD_MATCH = YES;
				COPY_PHASE_STRIP = NO;
				DEBUG_INFORMATION_FORMAT = dwarf;
				ENABLE_STRICT_OBJC_MSGSEND = YES;
				ENABLE_TESTABILITY = YES;
				GCC_C_LANGUAGE_STANDARD = gnu11;
				GCC_DYNAMIC_NO_PIC = NO;
				GCC_NO_COMMON_BLOCKS = YES;
				GCC_OPTIMIZATION_LEVEL = 0;
				GCC_PREPROCESSOR_DEFINITIONS = (
					"DEBUG=1",
					"$(inherited)",
				);
				GCC_WARN_64_TO_32_BIT_CONVERSION = YES;
				GCC_WARN_ABOUT_RETURN_TYPE = YES_ERROR;
				GCC_WARN_UNDECLARED_SELECTOR = YES;
				GCC_WARN_UNINITIALIZED_AUTOS = YES_AGGRESSIVE;
				GCC_WARN_UNUSED_FUNCTION = YES;
				GCC_WARN_UNUSED_VARIABLE = YES;
				IPHONEOS_DEPLOYMENT_TARGET = 16.0;
				MTL_ENABLE_DEBUG_INFO = INCLUDE_SOURCE;
				MTL_FAST_MATH = YES;
				ONLY_ACTIVE_ARCH = YES;
				SDKROOT = iphoneos;
				SWIFT_ACTIVE_COMPILATION_CONDITIONS = DEBUG;
				SWIFT_OPTIMIZATION_LEVEL = "-Onone";
			};
			name = Debug;
		};
		D6A5E713289C36CA008AA466 /* Release */ = {
			isa = XCBuildConfiguration;
			buildSettings = {
				ALWAYS_SEARCH_USER_PATHS = NO;
				CLANG_ANALYZER_NONNULL = YES;
				CLANG_ANALYZER_NUMBER_OBJECT_CONVERSION = YES_AGGRESSIVE;
				CLANG_CXX_LANGUAGE_STANDARD = "gnu++20";
				CLANG_ENABLE_MODULES = YES;
				CLANG_ENABLE_OBJC_ARC = YES;
				CLANG_ENABLE_OBJC_WEAK = YES;
				CLANG_WARN_BLOCK_CAPTURE_AUTORELEASING = YES;
				CLANG_WARN_BOOL_CONVERSION = YES;
				CLANG_WARN_COMMA = YES;
				CLANG_WARN_CONSTANT_CONVERSION = YES;
				CLANG_WARN_DEPRECATED_OBJC_IMPLEMENTATIONS = YES;
				CLANG_WARN_DIRECT_OBJC_ISA_USAGE = YES_ERROR;
				CLANG_WARN_DOCUMENTATION_COMMENTS = YES;
				CLANG_WARN_EMPTY_BODY = YES;
				CLANG_WARN_ENUM_CONVERSION = YES;
				CLANG_WARN_INFINITE_RECURSION = YES;
				CLANG_WARN_INT_CONVERSION = YES;
				CLANG_WARN_NON_LITERAL_NULL_CONVERSION = YES;
				CLANG_WARN_OBJC_IMPLICIT_RETAIN_SELF = YES;
				CLANG_WARN_OBJC_LITERAL_CONVERSION = YES;
				CLANG_WARN_OBJC_ROOT_CLASS = YES_ERROR;
				CLANG_WARN_QUOTED_INCLUDE_IN_FRAMEWORK_HEADER = YES;
				CLANG_WARN_RANGE_LOOP_ANALYSIS = YES;
				CLANG_WARN_STRICT_PROTOTYPES = YES;
				CLANG_WARN_SUSPICIOUS_MOVE = YES;
				CLANG_WARN_UNGUARDED_AVAILABILITY = YES_AGGRESSIVE;
				CLANG_WARN_UNREACHABLE_CODE = YES;
				CLANG_WARN__DUPLICATE_METHOD_MATCH = YES;
				COPY_PHASE_STRIP = NO;
				DEBUG_INFORMATION_FORMAT = "dwarf-with-dsym";
				ENABLE_NS_ASSERTIONS = NO;
				ENABLE_STRICT_OBJC_MSGSEND = YES;
				GCC_C_LANGUAGE_STANDARD = gnu11;
				GCC_NO_COMMON_BLOCKS = YES;
				GCC_WARN_64_TO_32_BIT_CONVERSION = YES;
				GCC_WARN_ABOUT_RETURN_TYPE = YES_ERROR;
				GCC_WARN_UNDECLARED_SELECTOR = YES;
				GCC_WARN_UNINITIALIZED_AUTOS = YES_AGGRESSIVE;
				GCC_WARN_UNUSED_FUNCTION = YES;
				GCC_WARN_UNUSED_VARIABLE = YES;
				IPHONEOS_DEPLOYMENT_TARGET = 16.0;
				MTL_ENABLE_DEBUG_INFO = NO;
				MTL_FAST_MATH = YES;
				SDKROOT = iphoneos;
				SWIFT_COMPILATION_MODE = wholemodule;
				SWIFT_OPTIMIZATION_LEVEL = "-O";
				VALIDATE_PRODUCT = YES;
			};
			name = Release;
		};
		D6A5E715289C36CA008AA466 /* Debug */ = {
			isa = XCBuildConfiguration;
			buildSettings = {
				ASSETCATALOG_COMPILER_APPICON_NAME = AppIcon;
				ASSETCATALOG_COMPILER_GLOBAL_ACCENT_COLOR_NAME = AccentColor;
				CODE_SIGN_STYLE = Automatic;
				CURRENT_PROJECT_VERSION = 1;
				DEVELOPMENT_TEAM = CGLFK7WJHJ;
				GENERATE_INFOPLIST_FILE = YES;
				INFOPLIST_FILE = APITableView/Info.plist;
				INFOPLIST_KEY_UIApplicationSupportsIndirectInputEvents = YES;
				INFOPLIST_KEY_UILaunchStoryboardName = LaunchScreen;
				INFOPLIST_KEY_UIMainStoryboardFile = Main;
				INFOPLIST_KEY_UISupportedInterfaceOrientations_iPad = "UIInterfaceOrientationPortrait UIInterfaceOrientationPortraitUpsideDown UIInterfaceOrientationLandscapeLeft UIInterfaceOrientationLandscapeRight";
				INFOPLIST_KEY_UISupportedInterfaceOrientations_iPhone = "UIInterfaceOrientationPortrait UIInterfaceOrientationLandscapeLeft UIInterfaceOrientationLandscapeRight";
				LD_RUNPATH_SEARCH_PATHS = (
					"$(inherited)",
					"@executable_path/Frameworks",
				);
				MARKETING_VERSION = 1.0;
				PRODUCT_BUNDLE_IDENTIFIER = com.my.APITableView;
				PRODUCT_NAME = "$(TARGET_NAME)";
				SWIFT_EMIT_LOC_STRINGS = YES;
				SWIFT_VERSION = 5.0;
				TARGETED_DEVICE_FAMILY = "1,2";
			};
			name = Debug;
		};
		D6A5E716289C36CA008AA466 /* Release */ = {
			isa = XCBuildConfiguration;
			buildSettings = {
				ASSETCATALOG_COMPILER_APPICON_NAME = AppIcon;
				ASSETCATALOG_COMPILER_GLOBAL_ACCENT_COLOR_NAME = AccentColor;
				CODE_SIGN_STYLE = Automatic;
				CURRENT_PROJECT_VERSION = 1;
				DEVELOPMENT_TEAM = CGLFK7WJHJ;
				GENERATE_INFOPLIST_FILE = YES;
				INFOPLIST_FILE = APITableView/Info.plist;
				INFOPLIST_KEY_UIApplicationSupportsIndirectInputEvents = YES;
				INFOPLIST_KEY_UILaunchStoryboardName = LaunchScreen;
				INFOPLIST_KEY_UIMainStoryboardFile = Main;
				INFOPLIST_KEY_UISupportedInterfaceOrientations_iPad = "UIInterfaceOrientationPortrait UIInterfaceOrientationPortraitUpsideDown UIInterfaceOrientationLandscapeLeft UIInterfaceOrientationLandscapeRight";
				INFOPLIST_KEY_UISupportedInterfaceOrientations_iPhone = "UIInterfaceOrientationPortrait UIInterfaceOrientationLandscapeLeft UIInterfaceOrientationLandscapeRight";
				LD_RUNPATH_SEARCH_PATHS = (
					"$(inherited)",
					"@executable_path/Frameworks",
				);
				MARKETING_VERSION = 1.0;
				PRODUCT_BUNDLE_IDENTIFIER = com.my.APITableView;
				PRODUCT_NAME = "$(TARGET_NAME)";
				SWIFT_EMIT_LOC_STRINGS = YES;
				SWIFT_VERSION = 5.0;
				TARGETED_DEVICE_FAMILY = "1,2";
			};
			name = Release;
		};
/* End XCBuildConfiguration section */

/* Begin XCConfigurationList section */
		D6A5E6FB289C36C4008AA466 /* Build configuration list for PBXProject "APITableView" */ = {
			isa = XCConfigurationList;
			buildConfigurations = (
				D6A5E712289C36CA008AA466 /* Debug */,
				D6A5E713289C36CA008AA466 /* Release */,
			);
			defaultConfigurationIsVisible = 0;
			defaultConfigurationName = Release;
		};
		D6A5E714289C36CA008AA466 /* Build configuration list for PBXNativeTarget "APITableView" */ = {
			isa = XCConfigurationList;
			buildConfigurations = (
				D6A5E715289C36CA008AA466 /* Debug */,
				D6A5E716289C36CA008AA466 /* Release */,
			);
			defaultConfigurationIsVisible = 0;
			defaultConfigurationName = Release;
		};
/* End XCConfigurationList section */

/* Begin XCRemoteSwiftPackageReference section */
		D62E3638289ED63B00120F45 /* XCRemoteSwiftPackageReference "Kingfisher" */ = {
			isa = XCRemoteSwiftPackageReference;
			repositoryURL = "https://github.com/onevcat/Kingfisher.git";
			requirement = {
				branch = master;
				kind = branch;
			};
		};
		D6A5E717289C3795008AA466 /* XCRemoteSwiftPackageReference "Alamofire" */ = {
			isa = XCRemoteSwiftPackageReference;
			repositoryURL = "https://github.com/Alamofire/Alamofire.git";
			requirement = {
				branch = master;
				kind = branch;
			};
		};
/* End XCRemoteSwiftPackageReference section */

/* Begin XCSwiftPackageProductDependency section */
		D62E3639289ED63C00120F45 /* Kingfisher */ = {
			isa = XCSwiftPackageProductDependency;
			package = D62E3638289ED63B00120F45 /* XCRemoteSwiftPackageReference "Kingfisher" */;
			productName = Kingfisher;
		};
		D6A5E718289C3795008AA466 /* Alamofire */ = {
			isa = XCSwiftPackageProductDependency;
			package = D6A5E717289C3795008AA466 /* XCRemoteSwiftPackageReference "Alamofire" */;
			productName = Alamofire;
		};
/* End XCSwiftPackageProductDependency section */
	};
	rootObject = D6A5E6F8289C36C4008AA466 /* Project object */;
}
